
Microsoft Visual Studio Solution File, Format Version 12.00
# Visual Studio 15
VisualStudioVersion = 15.0.28307.329
MinimumVisualStudioVersion = 10.0.40219.1
Project("{FAE04EC0-301F-11D3-BF4B-00C04F79EFBC}") = "FancyMusicApp.API", "FancyMusicApp.API\FancyMusicApp.API.csproj", "{DBB83821-6FB4-422B-817B-9A2C860CD00D}"
EndProject
Global
	GlobalSection(SolutionConfigurationPlatforms) = preSolution
		Debug|Any CPU = Debug|Any CPU
		Release|Any CPU = Release|Any CPU
	EndGlobalSection
	GlobalSection(ProjectConfigurationPlatforms) = postSolution
		{DBB83821-6FB4-422B-817B-9A2C860CD00D}.Debug|Any CPU.ActiveCfg = Debug|Any CPU
		{DBB83821-6FB4-422B-817B-9A2C860CD00D}.Debug|Any CPU.Build.0 = Debug|Any CPU
		{DBB83821-6FB4-422B-817B-9A2C860CD00D}.Release|Any CPU.ActiveCfg = Release|Any CPU
		{DBB83821-6FB4-422B-817B-9A2C860CD00D}.Release|Any CPU.Build.0 = Release|Any CPU
	EndGlobalSection
	GlobalSection(SolutionProperties) = preSolution
		HideSolutionNode = FALSE
	EndGlobalSection
	GlobalSection(ExtensibilityGlobals) = postSolution
		SolutionGuid = {B6D14FE5-6318-425E-B8F2-AAFA1D093780}
	EndGlobalSection
EndGlobal
